
Microsoft Visual Studio Solution File, Format Version 12.00
# Visual Studio Version 16
VisualStudioVersion = 16.0.30711.63
MinimumVisualStudioVersion = 10.0.40219.1
Project("{FAE04EC0-301F-11D3-BF4B-00C04F79EFBC}") = "CommandAPI", "CommandAPI\CommandAPI.csproj", "{2CDF5D1A-B240-4B46-8E04-946CD615A6E1}"
EndProject
Project("{FAE04EC0-301F-11D3-BF4B-00C04F79EFBC}") = "CommandAPI.Tests", "CommandAPI.Tests\CommandAPI.Tests.csproj", "{89AE16B0-2AB0-4D7A-B05A-92A83DCE48E6}"
EndProject
Global
	GlobalSection(SolutionConfigurationPlatforms) = preSolution
		Debug|Any CPU = Debug|Any CPU
		Release|Any CPU = Release|Any CPU
	EndGlobalSection
	GlobalSection(ProjectConfigurationPlatforms) = postSolution
		{2CDF5D1A-B240-4B46-8E04-946CD615A6E1}.Debug|Any CPU.ActiveCfg = Debug|Any CPU
		{2CDF5D1A-B240-4B46-8E04-946CD615A6E1}.Debug|Any CPU.Build.0 = Debug|Any CPU
		{2CDF5D1A-B240-4B46-8E04-946CD615A6E1}.Release|Any CPU.ActiveCfg = Release|Any CPU
		{2CDF5D1A-B240-4B46-8E04-946CD615A6E1}.Release|Any CPU.Build.0 = Release|Any CPU
		{89AE16B0-2AB0-4D7A-B05A-92A83DCE48E6}.Debug|Any CPU.ActiveCfg = Debug|Any CPU
		{89AE16B0-2AB0-4D7A-B05A-92A83DCE48E6}.Debug|Any CPU.Build.0 = Debug|Any CPU
		{89AE16B0-2AB0-4D7A-B05A-92A83DCE48E6}.Release|Any CPU.ActiveCfg = Release|Any CPU
		{89AE16B0-2AB0-4D7A-B05A-92A83DCE48E6}.Release|Any CPU.Build.0 = Release|Any CPU
	EndGlobalSection
	GlobalSection(SolutionProperties) = preSolution
		HideSolutionNode = FALSE
	EndGlobalSection
	GlobalSection(ExtensibilityGlobals) = postSolution
		SolutionGuid = {733AE3AC-1338-4B77-A2D2-FFCDE74B41A0}
	EndGlobalSection
EndGlobal
